
Microsoft Visual Studio Solution File, Format Version 12.00
# Visual Studio 15
VisualStudioVersion = 15.0.27004.2010
MinimumVisualStudioVersion = 10.0.40219.1
Project("{E24C65DC-7377-472B-9ABA-BC803B73C61A}") = "Rosmery.Security.UI", "Rosmery.Security.UI\", "{53286447-D72B-45DC-BE12-8348996AB1E4}"
	ProjectSection(WebsiteProperties) = preProject
		TargetFrameworkMoniker = ".NETFramework,Version%3Dv4.0"
		Debug.AspNetCompiler.VirtualPath = "/localhost_50835"
		Debug.AspNetCompiler.PhysicalPath = "Rosmery.Security.UI\"
		Debug.AspNetCompiler.TargetPath = "PrecompiledWeb\localhost_50835\"
		Debug.AspNetCompiler.Updateable = "true"
		Debug.AspNetCompiler.ForceOverwrite = "true"
		Debug.AspNetCompiler.FixedNames = "false"
		Debug.AspNetCompiler.Debug = "True"
		Release.AspNetCompiler.VirtualPath = "/localhost_50835"
		Release.AspNetCompiler.PhysicalPath = "Rosmery.Security.UI\"
		Release.AspNetCompiler.TargetPath = "PrecompiledWeb\localhost_50835\"
		Release.AspNetCompiler.Updateable = "true"
		Release.AspNetCompiler.ForceOverwrite = "true"
		Release.AspNetCompiler.FixedNames = "false"
		Release.AspNetCompiler.Debug = "False"
		VWDPort = "50835"
		SlnRelativePath = "Rosmery.Security.UI\"
	EndProjectSection
EndProject
Project("{9A19103F-16F7-4668-BE54-9A1E7A4F7556}") = "Rosmery.Security.STS", "Rosmery.Security.STS\Rosmery.Security.STS.csproj", "{955C9652-8773-4FFF-8DED-751C34C10E57}"
EndProject
Project("{9A19103F-16F7-4668-BE54-9A1E7A4F7556}") = "Rosmery.Security.API", "Rosmery.Security.API\Rosmery.Security.API.csproj", "{10D68BF3-A6D1-4251-93B8-10D9FC9D42B5}"
EndProject
Project("{9A19103F-16F7-4668-BE54-9A1E7A4F7556}") = "Rosmery.Security.Identity", "Rosmery.Security.Identity\Rosmery.Security.Identity.csproj", "{2E91BF0D-255F-40FE-A27F-D2A7E455BE4C}"
EndProject
Project("{E53339B2-1760-4266-BCC7-CA923CBCF16C}") = "docker-compose", "docker-compose.dcproj", "{C02209C3-88AE-40C1-95D2-17AF8A8941A8}"
EndProject
Global
	GlobalSection(SolutionConfigurationPlatforms) = preSolution
		Debug|Any CPU = Debug|Any CPU
		Release|Any CPU = Release|Any CPU
	EndGlobalSection
	GlobalSection(ProjectConfigurationPlatforms) = postSolution
		{53286447-D72B-45DC-BE12-8348996AB1E4}.Debug|Any CPU.ActiveCfg = Debug|Any CPU
		{53286447-D72B-45DC-BE12-8348996AB1E4}.Release|Any CPU.ActiveCfg = Debug|Any CPU
		{53286447-D72B-45DC-BE12-8348996AB1E4}.Release|Any CPU.Build.0 = Debug|Any CPU
		{955C9652-8773-4FFF-8DED-751C34C10E57}.Debug|Any CPU.ActiveCfg = Debug|Any CPU
		{955C9652-8773-4FFF-8DED-751C34C10E57}.Debug|Any CPU.Build.0 = Debug|Any CPU
		{955C9652-8773-4FFF-8DED-751C34C10E57}.Release|Any CPU.ActiveCfg = Release|Any CPU
		{955C9652-8773-4FFF-8DED-751C34C10E57}.Release|Any CPU.Build.0 = Release|Any CPU
		{10D68BF3-A6D1-4251-93B8-10D9FC9D42B5}.Debug|Any CPU.ActiveCfg = Debug|Any CPU
		{10D68BF3-A6D1-4251-93B8-10D9FC9D42B5}.Debug|Any CPU.Build.0 = Debug|Any CPU
		{10D68BF3-A6D1-4251-93B8-10D9FC9D42B5}.Release|Any CPU.ActiveCfg = Release|Any CPU
		{10D68BF3-A6D1-4251-93B8-10D9FC9D42B5}.Release|Any CPU.Build.0 = Release|Any CPU
		{2E91BF0D-255F-40FE-A27F-D2A7E455BE4C}.Debug|Any CPU.ActiveCfg = Debug|Any CPU
		{2E91BF0D-255F-40FE-A27F-D2A7E455BE4C}.Debug|Any CPU.Build.0 = Debug|Any CPU
		{2E91BF0D-255F-40FE-A27F-D2A7E455BE4C}.Release|Any CPU.ActiveCfg = Release|Any CPU
		{2E91BF0D-255F-40FE-A27F-D2A7E455BE4C}.Release|Any CPU.Build.0 = Release|Any CPU
		{C02209C3-88AE-40C1-95D2-17AF8A8941A8}.Debug|Any CPU.ActiveCfg = Debug|Any CPU
		{C02209C3-88AE-40C1-95D2-17AF8A8941A8}.Debug|Any CPU.Build.0 = Debug|Any CPU
		{C02209C3-88AE-40C1-95D2-17AF8A8941A8}.Release|Any CPU.ActiveCfg = Release|Any CPU
		{C02209C3-88AE-40C1-95D2-17AF8A8941A8}.Release|Any CPU.Build.0 = Release|Any CPU
	EndGlobalSection
	GlobalSection(SolutionProperties) = preSolution
		HideSolutionNode = FALSE
	EndGlobalSection
	GlobalSection(ExtensibilityGlobals) = postSolution
		SolutionGuid = {8299C0E6-0A1B-448F-96D5-4833443CB439}
	EndGlobalSection
EndGlobal
